Microsoft Visual Studio Solution File, Format Version 12.00
# Visual Studio Version 17
VisualStudioVersion = 17.5.2.0
MinimumVisualStudioVersion = 10.0.40219.1
Project("{FAE04EC0-301F-11D3-BF4B-00C04F79EFBC}") = "curotec_task_back_api", "curotec_task_back_api.csproj", "{37A7EA40-9C87-6A14-1907-CA3D12D520EE}"
EndProject
Global
	GlobalSection(SolutionConfigurationPlatforms) = preSolution
		Debug|Any CPU = Debug|Any CPU
		Release|Any CPU = Release|Any CPU
	EndGlobalSection
	GlobalSection(ProjectConfigurationPlatforms) = postSolution
		{37A7EA40-9C87-6A14-1907-CA3D12D520EE}.Debug|Any CPU.ActiveCfg = Debug|Any CPU
		{37A7EA40-9C87-6A14-1907-CA3D12D520EE}.Debug|Any CPU.Build.0 = Debug|Any CPU
		{37A7EA40-9C87-6A14-1907-CA3D12D520EE}.Release|Any CPU.ActiveCfg = Release|Any CPU
		{37A7EA40-9C87-6A14-1907-CA3D12D520EE}.Release|Any CPU.Build.0 = Release|Any CPU
	EndGlobalSection
	GlobalSection(SolutionProperties) = preSolution
		HideSolutionNode = FALSE
	EndGlobalSection
	GlobalSection(ExtensibilityGlobals) = postSolution
		SolutionGuid = {5F2B5B3B-63F0-4DF3-AA1F-53CDDFDBAD32}
	EndGlobalSection
EndGlobal
